
Microsoft Visual Studio Solution File, Format Version 12.00
# Visual Studio Version 16
VisualStudioVersion = 16.0.30011.22
MinimumVisualStudioVersion = 10.0.40219.1
Project("{FAE04EC0-301F-11D3-BF4B-00C04F79EFBC}") = "ExposureLog.Android", "ExposureLog.Android\ExposureLog.Android.csproj", "{8202577C-BA6C-4D40-8802-FB3CB370EC1E}"
EndProject
Project("{FAE04EC0-301F-11D3-BF4B-00C04F79EFBC}") = "ExposureLog.iOS", "ExposureLog.iOS\ExposureLog.iOS.csproj", "{C3CD2BC7-F704-4B4C-86D7-B0A0B14D01B1}"
EndProject
Project("{FAE04EC0-301F-11D3-BF4B-00C04F79EFBC}") = "ExposureLog", "ExposureLog\ExposureLog.csproj", "{78891A07-CE99-479C-B28D-BCF9621BF966}"
EndProject
Global
	GlobalSection(SolutionConfigurationPlatforms) = preSolution
		Debug|Any CPU = Debug|Any CPU
		Debug|iPhone = Debug|iPhone
		Debug|iPhoneSimulator = Debug|iPhoneSimulator
		Release|Any CPU = Release|Any CPU
		Release|iPhone = Release|iPhone
		Release|iPhoneSimulator = Release|iPhoneSimulator
	EndGlobalSection
	GlobalSection(ProjectConfigurationPlatforms) = postSolution
		{8202577C-BA6C-4D40-8802-FB3CB370EC1E}.Debug|Any CPU.ActiveCfg = Debug|Any CPU
		{8202577C-BA6C-4D40-8802-FB3CB370EC1E}.Debug|Any CPU.Build.0 = Debug|Any CPU
		{8202577C-BA6C-4D40-8802-FB3CB370EC1E}.Debug|Any CPU.Deploy.0 = Debug|Any CPU
		{8202577C-BA6C-4D40-8802-FB3CB370EC1E}.Debug|iPhone.ActiveCfg = Debug|Any CPU
		{8202577C-BA6C-4D40-8802-FB3CB370EC1E}.Debug|iPhone.Build.0 = Debug|Any CPU
		{8202577C-BA6C-4D40-8802-FB3CB370EC1E}.Debug|iPhone.Deploy.0 = Debug|Any CPU
		{8202577C-BA6C-4D40-8802-FB3CB370EC1E}.Debug|iPhoneSimulator.ActiveCfg = Debug|Any CPU
		{8202577C-BA6C-4D40-8802-FB3CB370EC1E}.Debug|iPhoneSimulator.Build.0 = Debug|Any CPU
		{8202577C-BA6C-4D40-8802-FB3CB370EC1E}.Debug|iPhoneSimulator.Deploy.0 = Debug|Any CPU
		{8202577C-BA6C-4D40-8802-FB3CB370EC1E}.Release|Any CPU.ActiveCfg = Release|Any CPU
		{8202577C-BA6C-4D40-8802-FB3CB370EC1E}.Release|Any CPU.Build.0 = Release|Any CPU
		{8202577C-BA6C-4D40-8802-FB3CB370EC1E}.Release|Any CPU.Deploy.0 = Release|Any CPU
		{8202577C-BA6C-4D40-8802-FB3CB370EC1E}.Release|iPhone.ActiveCfg = Release|Any CPU
		{8202577C-BA6C-4D40-8802-FB3CB370EC1E}.Release|iPhone.Build.0 = Release|Any CPU
		{8202577C-BA6C-4D40-8802-FB3CB370EC1E}.Release|iPhone.Deploy.0 = Release|Any CPU
		{8202577C-BA6C-4D40-8802-FB3CB370EC1E}.Release|iPhoneSimulator.ActiveCfg = Release|Any CPU
		{8202577C-BA6C-4D40-8802-FB3CB370EC1E}.Release|iPhoneSimulator.Build.0 = Release|Any CPU
		{8202577C-BA6C-4D40-8802-FB3CB370EC1E}.Release|iPhoneSimulator.Deploy.0 = Release|Any CPU
		{C3CD2BC7-F704-4B4C-86D7-B0A0B14D01B1}.Debug|Any CPU.ActiveCfg = Debug|iPhone
		{C3CD2BC7-F704-4B4C-86D7-B0A0B14D01B1}.Debug|Any CPU.Build.0 = Debug|iPhone
		{C3CD2BC7-F704-4B4C-86D7-B0A0B14D01B1}.Debug|Any CPU.Deploy.0 = Debug|iPhone
		{C3CD2BC7-F704-4B4C-86D7-B0A0B14D01B1}.Debug|iPhone.ActiveCfg = Debug|iPhone
		{C3CD2BC7-F704-4B4C-86D7-B0A0B14D01B1}.Debug|iPhone.Build.0 = Debug|iPhone
		{C3CD2BC7-F704-4B4C-86D7-B0A0B14D01B1}.Debug|iPhone.Deploy.0 = Debug|iPhone
		{C3CD2BC7-F704-4B4C-86D7-B0A0B14D01B1}.Debug|iPhoneSimulator.ActiveCfg = Debug|iPhoneSimulator
		{C3CD2BC7-F704-4B4C-86D7-B0A0B14D01B1}.Debug|iPhoneSimulator.Build.0 = Debug|iPhoneSimulator
		{C3CD2BC7-F704-4B4C-86D7-B0A0B14D01B1}.Debug|iPhoneSimulator.Deploy.0 = Debug|iPhoneSimulator
		{C3CD2BC7-F704-4B4C-86D7-B0A0B14D01B1}.Release|Any CPU.ActiveCfg = Release|iPhone
		{C3CD2BC7-F704-4B4C-86D7-B0A0B14D01B1}.Release|Any CPU.Build.0 = Release|iPhone
		{C3CD2BC7-F704-4B4C-86D7-B0A0B14D01B1}.Release|Any CPU.Deploy.0 = Release|iPhone
		{C3CD2BC7-F704-4B4C-86D7-B0A0B14D01B1}.Release|iPhone.ActiveCfg = Release|iPhone
		{C3CD2BC7-F704-4B4C-86D7-B0A0B14D01B1}.Release|iPhone.Build.0 = Release|iPhone
		{C3CD2BC7-F704-4B4C-86D7-B0A0B14D01B1}.Release|iPhone.Deploy.0 = Release|iPhone
		{C3CD2BC7-F704-4B4C-86D7-B0A0B14D01B1}.Release|iPhoneSimulator.ActiveCfg = Release|iPhoneSimulator
		{C3CD2BC7-F704-4B4C-86D7-B0A0B14D01B1}.Release|iPhoneSimulator.Build.0 = Release|iPhoneSimulator
		{C3CD2BC7-F704-4B4C-86D7-B0A0B14D01B1}.Release|iPhoneSimulator.Deploy.0 = Release|iPhoneSimulator
		{78891A07-CE99-479C-B28D-BCF9621BF966}.Debug|Any CPU.ActiveCfg = Debug|Any CPU
		{78891A07-CE99-479C-B28D-BCF9621BF966}.Debug|Any CPU.Build.0 = Debug|Any CPU
		{78891A07-CE99-479C-B28D-BCF9621BF966}.Debug|Any CPU.Deploy.0 = Debug|Any CPU
		{78891A07-CE99-479C-B28D-BCF9621BF966}.Debug|iPhone.ActiveCfg = Debug|Any CPU
		{78891A07-CE99-479C-B28D-BCF9621BF966}.Debug|iPhone.Build.0 = Debug|Any CPU
		{78891A07-CE99-479C-B28D-BCF9621BF966}.Debug|iPhone.Deploy.0 = Debug|Any CPU
		{78891A07-CE99-479C-B28D-BCF9621BF966}.Debug|iPhoneSimulator.ActiveCfg = Debug|Any CPU
		{78891A07-CE99-479C-B28D-BCF9621BF966}.Debug|iPhoneSimulator.Build.0 = Debug|Any CPU
		{78891A07-CE99-479C-B28D-BCF9621BF966}.Debug|iPhoneSimulator.Deploy.0 = Debug|Any CPU
		{78891A07-CE99-479C-B28D-BCF9621BF966}.Release|Any CPU.ActiveCfg = Release|Any CPU
		{78891A07-CE99-479C-B28D-BCF9621BF966}.Release|Any CPU.Build.0 = Release|Any CPU
		{78891A07-CE99-479C-B28D-BCF9621BF966}.Release|Any CPU.Deploy.0 = Release|Any CPU
		{78891A07-CE99-479C-B28D-BCF9621BF966}.Release|iPhone.ActiveCfg = Release|Any CPU
		{78891A07-CE99-479C-B28D-BCF9621BF966}.Release|iPhone.Build.0 = Release|Any CPU
		{78891A07-CE99-479C-B28D-BCF9621BF966}.Release|iPhone.Deploy.0 = Release|Any CPU
		{78891A07-CE99-479C-B28D-BCF9621BF966}.Release|iPhoneSimulator.ActiveCfg = Release|Any CPU
		{78891A07-CE99-479C-B28D-BCF9621BF966}.Release|iPhoneSimulator.Build.0 = Release|Any CPU
		{78891A07-CE99-479C-B28D-BCF9621BF966}.Release|iPhoneSimulator.Deploy.0 = Release|Any CPU
	EndGlobalSection
	GlobalSection(SolutionProperties) = preSolution
		HideSolutionNode = FALSE
	EndGlobalSection
	GlobalSection(ExtensibilityGlobals) = postSolution
		SolutionGuid = {7CA5DAD4-24CE-47E0-A1E4-F123A16F9991}
	EndGlobalSection
EndGlobal
